
Microsoft Visual Studio Solution File, Format Version 12.00
# Visual Studio Version 17
VisualStudioVersion = 17.2.32602.215
MinimumVisualStudioVersion = 10.0.40219.1
Project("{FAE04EC0-301F-11D3-BF4B-00C04F79EFBC}") = "OptiFly", "OptiFly\OptiFly.csproj", "{C33411B1-EA20-4A8E-8432-C5F77C296E78}"
EndProject
Global
	GlobalSection(SolutionConfigurationPlatforms) = preSolution
		Debug|Any CPU = Debug|Any CPU
		Release|Any CPU = Release|Any CPU
	EndGlobalSection
	GlobalSection(ProjectConfigurationPlatforms) = postSolution
		{C33411B1-EA20-4A8E-8432-C5F77C296E78}.Debug|Any CPU.ActiveCfg = Debug|Any CPU
		{C33411B1-EA20-4A8E-8432-C5F77C296E78}.Debug|Any CPU.Build.0 = Debug|Any CPU
		{C33411B1-EA20-4A8E-8432-C5F77C296E78}.Release|Any CPU.ActiveCfg = Release|Any CPU
		{C33411B1-EA20-4A8E-8432-C5F77C296E78}.Release|Any CPU.Build.0 = Release|Any CPU
	EndGlobalSection
	GlobalSection(SolutionProperties) = preSolution
		HideSolutionNode = FALSE
	EndGlobalSection
	GlobalSection(ExtensibilityGlobals) = postSolution
		SolutionGuid = {B52A4193-16DF-4F85-8E16-B26C837581EE}
	EndGlobalSection
EndGlobal
